
Microsoft Visual Studio Solution File, Format Version 12.00
# Visual Studio Version 16
VisualStudioVersion = 16.0.30907.101
MinimumVisualStudioVersion = 10.0.40219.1
Project("{FAE04EC0-301F-11D3-BF4B-00C04F79EFBC}") = "ABB.WCF.SerializationConsoleClient", "00_Serialization\ABB.WCF.SerializationConsoleClient\ABB.WCF.SerializationConsoleClient.csproj", "{969609F0-A096-43DB-B6F6-7CBF89502A45}"
EndProject
Project("{2150E333-8FDC-42A3-9474-1A3956D46DE8}") = "01_WCFService", "01_WCFService", "{C47065B3-52C6-4D99-9545-E3D34B294A0C}"
EndProject
Project("{FAE04EC0-301F-11D3-BF4B-00C04F79EFBC}") = "IServices", "01_WCFService\IServices\IServices.csproj", "{2E2F1375-F5B5-42D9-AAFB-F5DA85944DE4}"
EndProject
Project("{FAE04EC0-301F-11D3-BF4B-00C04F79EFBC}") = "FakeHelloServices", "01_WCFService\FakeHelloService\FakeHelloServices.csproj", "{D32868D2-8D66-4927-BBB8-D4758BFF26A2}"
EndProject
Project("{FAE04EC0-301F-11D3-BF4B-00C04F79EFBC}") = "HelloServiceConsoleClient", "01_WCFService\HelloServiceConsoleClient\HelloServiceConsoleClient.csproj", "{CE129FB8-95E7-46CA-9D7A-B86D6CA504BB}"
EndProject
Project("{FAE04EC0-301F-11D3-BF4B-00C04F79EFBC}") = "HelloServiceHost", "01_WCFService\HelloServiceHost\HelloServiceHost.csproj", "{D718152B-5AC6-447E-B8CE-BBD6719416E8}"
EndProject
Project("{2150E333-8FDC-42A3-9474-1A3956D46DE8}") = "02_DataContractDataMember", "02_DataContractDataMember", "{DE256974-111C-481E-96B3-69D094511DFF}"
EndProject
Project("{FAE04EC0-301F-11D3-BF4B-00C04F79EFBC}") = "IServices", "02_DataContractDataMember\IServices\IServices.csproj", "{BE9218DA-1893-419F-BEFF-E4C45BD9DC8D}"
EndProject
Project("{FAE04EC0-301F-11D3-BF4B-00C04F79EFBC}") = "EmployeeServices", "02_DataContractDataMember\EmployeeService\EmployeeServices.csproj", "{E1714B2E-F380-4E17-B6D5-89B766D98400}"
EndProject
Project("{FAE04EC0-301F-11D3-BF4B-00C04F79EFBC}") = "EmployeeSeviceHost", "02_DataContractDataMember\EmployeeSeviceHost\EmployeeSeviceHost.csproj", "{A94F91E4-09F1-4F69-BD28-10BB1DDEA138}"
EndProject
Project("{FAE04EC0-301F-11D3-BF4B-00C04F79EFBC}") = "EmployeeServiceConsoleClient", "02_DataContractDataMember\EmployeeServiceConsoleClient\EmployeeServiceConsoleClient.csproj", "{0BE2D641-79CE-4B1C-9B63-51FAB118F4DD}"
EndProject
Project("{2150E333-8FDC-42A3-9474-1A3956D46DE8}") = "00_Serialization", "00_Serialization", "{0E10BDF1-CBFB-4857-8F94-CA5A607F12C8}"
EndProject
Project("{2150E333-8FDC-42A3-9474-1A3956D46DE8}") = "03_Session", "03_Session", "{7570DAC8-1119-482D-A99D-C6ED18FDB7E9}"
EndProject
Project("{FAE04EC0-301F-11D3-BF4B-00C04F79EFBC}") = "CalculatorServices", "03_Session\CalculatorServices\CalculatorServices.csproj", "{611C2D2B-B031-441D-AAF5-5E5538ABAEB7}"
EndProject
Project("{FAE04EC0-301F-11D3-BF4B-00C04F79EFBC}") = "CalculatorServiceHost", "03_Session\CalculatorServiceHost\CalculatorServiceHost.csproj", "{6D3A3BA2-A1AD-4059-A16E-7A5C76A5594B}"
EndProject
Project("{FAE04EC0-301F-11D3-BF4B-00C04F79EFBC}") = "CalculatorServiceConsoleClient", "03_Session\CalculatorServiceConsoleClient\CalculatorServiceConsoleClient.csproj", "{02C14341-1434-4C0D-9141-EF220B162CAB}"
EndProject
Project("{2150E333-8FDC-42A3-9474-1A3956D46DE8}") = "04_MessageContract", "04_MessageContract", "{7952F111-D8D4-45DF-9741-FB4166573E2D}"
EndProject
Project("{FAE04EC0-301F-11D3-BF4B-00C04F79EFBC}") = "EmployeesService", "04_MessageContract\EmployeesService\EmployeesService.csproj", "{AF36B51E-7A68-4334-A24C-1F9A7F3C726C}"
EndProject
Project("{FAE04EC0-301F-11D3-BF4B-00C04F79EFBC}") = "EmployeeServiceHost", "04_MessageContract\EmployeeServiceHost\EmployeeServiceHost.csproj", "{0D5E279C-1133-4E04-9452-9C8849A89EE9}"
EndProject
Project("{FAE04EC0-301F-11D3-BF4B-00C04F79EFBC}") = "EmployeeServiceConsoleClient", "04_MessageContract\EmployeeServiceConsoleClient\EmployeeServiceConsoleClient.csproj", "{4803EE12-7DA7-466E-B6BC-8BC097A19380}"
EndProject
Project("{2150E333-8FDC-42A3-9474-1A3956D46DE8}") = "05_FullDuplex", "05_FullDuplex", "{06AA91F9-BFB1-4261-B45F-4847CAB143E4}"
EndProject
Project("{FAE04EC0-301F-11D3-BF4B-00C04F79EFBC}") = "ChatServices", "05_FullDuplex\ChatServices\ChatServices.csproj", "{D25E966F-73EB-4F8B-92BA-01D4533E9D4E}"
EndProject
Project("{FAE04EC0-301F-11D3-BF4B-00C04F79EFBC}") = "ChatServiceHost", "05_FullDuplex\ChatServiceHost\ChatServiceHost.csproj", "{DEEA7F85-150D-4E7C-BE2F-E9B214D5AA2C}"
EndProject
Project("{FAE04EC0-301F-11D3-BF4B-00C04F79EFBC}") = "ChatServiceConsoleClient", "05_FullDuplex\ChatServiceConsoleClient\ChatServiceConsoleClient.csproj", "{39B02DA0-59A9-4111-938F-050F5BBFC064}"
EndProject
Project("{FAE04EC0-301F-11D3-BF4B-00C04F79EFBC}") = "ChatServiceSelfHost", "ChatServiceSelfHost\ChatServiceSelfHost.csproj", "{283D2656-4420-4D76-8C26-7828BC797439}"
EndProject
Project("{2150E333-8FDC-42A3-9474-1A3956D46DE8}") = "06_RestApi", "06_RestApi", "{F712B1FB-B98E-4666-B6F6-9445E63B3927}"
EndProject
Project("{FAE04EC0-301F-11D3-BF4B-00C04F79EFBC}") = "ProductServices", "06_RestApi\ProductServices\ProductServices.csproj", "{D7DDF2DD-4D52-45AD-B1A1-3C70247AFA2E}"
EndProject
Project("{FAE04EC0-301F-11D3-BF4B-00C04F79EFBC}") = "ProductServiceHost", "06_RestApi\ProductServiceHost\ProductServiceHost.csproj", "{7D4B0F6D-EBC7-41CA-822B-6B82067EFBF4}"
EndProject
Project("{2150E333-8FDC-42A3-9474-1A3956D46DE8}") = "07_Streaming", "07_Streaming", "{C4A7E507-2865-4C10-822F-B1D105C3A0C7}"
EndProject
Project("{FAE04EC0-301F-11D3-BF4B-00C04F79EFBC}") = "DocumentServices", "07_Streaming\DocumentServices\DocumentServices.csproj", "{3BC7E3CA-FB88-4900-98D7-B6260EB64890}"
EndProject
Project("{FAE04EC0-301F-11D3-BF4B-00C04F79EFBC}") = "DocumentServiceHost", "07_Streaming\DocumentServiceHost\DocumentServiceHost.csproj", "{A90A0961-DEC2-40C3-9288-5E5A84B8CEE3}"
EndProject
Project("{FAE04EC0-301F-11D3-BF4B-00C04F79EFBC}") = "DocumentServiceConsoleClient", "07_Streaming\DocumentServiceConsoleClient\DocumentServiceConsoleClient.csproj", "{F969BC08-9B68-467D-98CD-79559371FB0F}"
EndProject
Project("{2150E333-8FDC-42A3-9474-1A3956D46DE8}") = "08_DependencyInjection", "08_DependencyInjection", "{20419EE5-29FB-4778-A792-390BF58611DA}"
EndProject
Project("{FAE04EC0-301F-11D3-BF4B-00C04F79EFBC}") = "DeviceServiceHost", "07_Streaming\DeviceServiceHost\DeviceServiceHost.csproj", "{FE254330-FFCF-4D00-B04B-375084BFE6A8}"
EndProject
Project("{FAE04EC0-301F-11D3-BF4B-00C04F79EFBC}") = "DeviceServices", "08_DependencyInjection\DeviceServices\DeviceServices.csproj", "{5779E6BB-49E3-43E3-9D38-F2FB61CFBBF5}"
EndProject
Project("{FAE04EC0-301F-11D3-BF4B-00C04F79EFBC}") = "DeviceServiceConsoleClient", "08_DependencyInjection\DeviceServiceConsoleClient\DeviceServiceConsoleClient.csproj", "{41B9E5FB-BBB3-4876-8843-BC418EBDD343}"
EndProject
Project("{9A19103F-16F7-4668-BE54-9A1E7A4F7556}") = "HelloServiceDotnetCoreConsoleClient", "HelloServiceDotnetCoreConsoleClient\HelloServiceDotnetCoreConsoleClient.csproj", "{1383C56A-2ABD-47BE-9DD1-6F8F493B2B96}"
EndProject
Project("{2150E333-8FDC-42A3-9474-1A3956D46DE8}") = "10_ThreadSynchronization", "10_ThreadSynchronization", "{6D9CF902-380D-4C7D-9D61-AB0128A761D1}"
EndProject
Project("{FAE04EC0-301F-11D3-BF4B-00C04F79EFBC}") = "TasksConsoleClient", "10_ThreadSynchronization\TasksConsoleClient\TasksConsoleClient.csproj", "{C4C3BC3F-E3F1-4029-85FE-81FCDF469005}"
EndProject
Project("{FAE04EC0-301F-11D3-BF4B-00C04F79EFBC}") = "WpfApp", "10_ThreadSynchronization\WpfApp\WpfApp.csproj", "{6C02724B-D6FB-4FE9-909B-CFC8D2AD4184}"
EndProject
Project("{FAE04EC0-301F-11D3-BF4B-00C04F79EFBC}") = "SemaphoreConsoleClient", "10_ThreadSynchronization\SemaphoreConsoleClient\SemaphoreConsoleClient.csproj", "{EA687441-77BC-4E32-952F-63E747FAB378}"
EndProject
Project("{FAE04EC0-301F-11D3-BF4B-00C04F79EFBC}") = "Semaphor2ConsoleClient", "10_ThreadSynchronization\Semaphor2ConsoleClient\Semaphor2ConsoleClient.csproj", "{1D58EE52-2761-416E-87A0-0F120FA7D905}"
EndProject
Project("{FAE04EC0-301F-11D3-BF4B-00C04F79EFBC}") = "SemaphorSlimConsoleClient", "10_ThreadSynchronization\SemaphorSlimConsoleClient\SemaphorSlimConsoleClient.csproj", "{21FC27E1-919D-42B2-9280-9ECE166C9C22}"
EndProject
Global
	GlobalSection(SolutionConfigurationPlatforms) = preSolution
		Debug|Any CPU = Debug|Any CPU
		Release|Any CPU = Release|Any CPU
	EndGlobalSection
	GlobalSection(ProjectConfigurationPlatforms) = postSolution
		{969609F0-A096-43DB-B6F6-7CBF89502A45}.Debug|Any CPU.ActiveCfg = Debug|Any CPU
		{969609F0-A096-43DB-B6F6-7CBF89502A45}.Debug|Any CPU.Build.0 = Debug|Any CPU
		{969609F0-A096-43DB-B6F6-7CBF89502A45}.Release|Any CPU.ActiveCfg = Release|Any CPU
		{969609F0-A096-43DB-B6F6-7CBF89502A45}.Release|Any CPU.Build.0 = Release|Any CPU
		{2E2F1375-F5B5-42D9-AAFB-F5DA85944DE4}.Debug|Any CPU.ActiveCfg = Debug|Any CPU
		{2E2F1375-F5B5-42D9-AAFB-F5DA85944DE4}.Debug|Any CPU.Build.0 = Debug|Any CPU
		{2E2F1375-F5B5-42D9-AAFB-F5DA85944DE4}.Release|Any CPU.ActiveCfg = Release|Any CPU
		{2E2F1375-F5B5-42D9-AAFB-F5DA85944DE4}.Release|Any CPU.Build.0 = Release|Any CPU
		{D32868D2-8D66-4927-BBB8-D4758BFF26A2}.Debug|Any CPU.ActiveCfg = Debug|Any CPU
		{D32868D2-8D66-4927-BBB8-D4758BFF26A2}.Debug|Any CPU.Build.0 = Debug|Any CPU
		{D32868D2-8D66-4927-BBB8-D4758BFF26A2}.Release|Any CPU.ActiveCfg = Release|Any CPU
		{D32868D2-8D66-4927-BBB8-D4758BFF26A2}.Release|Any CPU.Build.0 = Release|Any CPU
		{CE129FB8-95E7-46CA-9D7A-B86D6CA504BB}.Debug|Any CPU.ActiveCfg = Debug|Any CPU
		{CE129FB8-95E7-46CA-9D7A-B86D6CA504BB}.Debug|Any CPU.Build.0 = Debug|Any CPU
		{CE129FB8-95E7-46CA-9D7A-B86D6CA504BB}.Release|Any CPU.ActiveCfg = Release|Any CPU
		{CE129FB8-95E7-46CA-9D7A-B86D6CA504BB}.Release|Any CPU.Build.0 = Release|Any CPU
		{D718152B-5AC6-447E-B8CE-BBD6719416E8}.Debug|Any CPU.ActiveCfg = Debug|Any CPU
		{D718152B-5AC6-447E-B8CE-BBD6719416E8}.Debug|Any CPU.Build.0 = Debug|Any CPU
		{D718152B-5AC6-447E-B8CE-BBD6719416E8}.Release|Any CPU.ActiveCfg = Release|Any CPU
		{D718152B-5AC6-447E-B8CE-BBD6719416E8}.Release|Any CPU.Build.0 = Release|Any CPU
		{BE9218DA-1893-419F-BEFF-E4C45BD9DC8D}.Debug|Any CPU.ActiveCfg = Debug|Any CPU
		{BE9218DA-1893-419F-BEFF-E4C45BD9DC8D}.Debug|Any CPU.Build.0 = Debug|Any CPU
		{BE9218DA-1893-419F-BEFF-E4C45BD9DC8D}.Release|Any CPU.ActiveCfg = Release|Any CPU
		{BE9218DA-1893-419F-BEFF-E4C45BD9DC8D}.Release|Any CPU.Build.0 = Release|Any CPU
		{E1714B2E-F380-4E17-B6D5-89B766D98400}.Debug|Any CPU.ActiveCfg = Debug|Any CPU
		{E1714B2E-F380-4E17-B6D5-89B766D98400}.Debug|Any CPU.Build.0 = Debug|Any CPU
		{E1714B2E-F380-4E17-B6D5-89B766D98400}.Release|Any CPU.ActiveCfg = Release|Any CPU
		{E1714B2E-F380-4E17-B6D5-89B766D98400}.Release|Any CPU.Build.0 = Release|Any CPU
		{A94F91E4-09F1-4F69-BD28-10BB1DDEA138}.Debug|Any CPU.ActiveCfg = Debug|Any CPU
		{A94F91E4-09F1-4F69-BD28-10BB1DDEA138}.Debug|Any CPU.Build.0 = Debug|Any CPU
		{A94F91E4-09F1-4F69-BD28-10BB1DDEA138}.Release|Any CPU.ActiveCfg = Release|Any CPU
		{A94F91E4-09F1-4F69-BD28-10BB1DDEA138}.Release|Any CPU.Build.0 = Release|Any CPU
		{0BE2D641-79CE-4B1C-9B63-51FAB118F4DD}.Debug|Any CPU.ActiveCfg = Debug|Any CPU
		{0BE2D641-79CE-4B1C-9B63-51FAB118F4DD}.Debug|Any CPU.Build.0 = Debug|Any CPU
		{0BE2D641-79CE-4B1C-9B63-51FAB118F4DD}.Release|Any CPU.ActiveCfg = Release|Any CPU
		{0BE2D641-79CE-4B1C-9B63-51FAB118F4DD}.Release|Any CPU.Build.0 = Release|Any CPU
		{611C2D2B-B031-441D-AAF5-5E5538ABAEB7}.Debug|Any CPU.ActiveCfg = Debug|Any CPU
		{611C2D2B-B031-441D-AAF5-5E5538ABAEB7}.Debug|Any CPU.Build.0 = Debug|Any CPU
		{611C2D2B-B031-441D-AAF5-5E5538ABAEB7}.Release|Any CPU.ActiveCfg = Release|Any CPU
		{611C2D2B-B031-441D-AAF5-5E5538ABAEB7}.Release|Any CPU.Build.0 = Release|Any CPU
		{6D3A3BA2-A1AD-4059-A16E-7A5C76A5594B}.Debug|Any CPU.ActiveCfg = Debug|Any CPU
		{6D3A3BA2-A1AD-4059-A16E-7A5C76A5594B}.Debug|Any CPU.Build.0 = Debug|Any CPU
		{6D3A3BA2-A1AD-4059-A16E-7A5C76A5594B}.Release|Any CPU.ActiveCfg = Release|Any CPU
		{6D3A3BA2-A1AD-4059-A16E-7A5C76A5594B}.Release|Any CPU.Build.0 = Release|Any CPU
		{02C14341-1434-4C0D-9141-EF220B162CAB}.Debug|Any CPU.ActiveCfg = Debug|Any CPU
		{02C14341-1434-4C0D-9141-EF220B162CAB}.Debug|Any CPU.Build.0 = Debug|Any CPU
		{02C14341-1434-4C0D-9141-EF220B162CAB}.Release|Any CPU.ActiveCfg = Release|Any CPU
		{02C14341-1434-4C0D-9141-EF220B162CAB}.Release|Any CPU.Build.0 = Release|Any CPU
		{AF36B51E-7A68-4334-A24C-1F9A7F3C726C}.Debug|Any CPU.ActiveCfg = Debug|Any CPU
		{AF36B51E-7A68-4334-A24C-1F9A7F3C726C}.Debug|Any CPU.Build.0 = Debug|Any CPU
		{AF36B51E-7A68-4334-A24C-1F9A7F3C726C}.Release|Any CPU.ActiveCfg = Release|Any CPU
		{AF36B51E-7A68-4334-A24C-1F9A7F3C726C}.Release|Any CPU.Build.0 = Release|Any CPU
		{0D5E279C-1133-4E04-9452-9C8849A89EE9}.Debug|Any CPU.ActiveCfg = Debug|Any CPU
		{0D5E279C-1133-4E04-9452-9C8849A89EE9}.Debug|Any CPU.Build.0 = Debug|Any CPU
		{0D5E279C-1133-4E04-9452-9C8849A89EE9}.Release|Any CPU.ActiveCfg = Release|Any CPU
		{0D5E279C-1133-4E04-9452-9C8849A89EE9}.Release|Any CPU.Build.0 = Release|Any CPU
		{4803EE12-7DA7-466E-B6BC-8BC097A19380}.Debug|Any CPU.ActiveCfg = Debug|Any CPU
		{4803EE12-7DA7-466E-B6BC-8BC097A19380}.Debug|Any CPU.Build.0 = Debug|Any CPU
		{4803EE12-7DA7-466E-B6BC-8BC097A19380}.Release|Any CPU.ActiveCfg = Release|Any CPU
		{4803EE12-7DA7-466E-B6BC-8BC097A19380}.Release|Any CPU.Build.0 = Release|Any CPU
		{D25E966F-73EB-4F8B-92BA-01D4533E9D4E}.Debug|Any CPU.ActiveCfg = Debug|Any CPU
		{D25E966F-73EB-4F8B-92BA-01D4533E9D4E}.Debug|Any CPU.Build.0 = Debug|Any CPU
		{D25E966F-73EB-4F8B-92BA-01D4533E9D4E}.Release|Any CPU.ActiveCfg = Release|Any CPU
		{D25E966F-73EB-4F8B-92BA-01D4533E9D4E}.Release|Any CPU.Build.0 = Release|Any CPU
		{DEEA7F85-150D-4E7C-BE2F-E9B214D5AA2C}.Debug|Any CPU.ActiveCfg = Debug|Any CPU
		{DEEA7F85-150D-4E7C-BE2F-E9B214D5AA2C}.Debug|Any CPU.Build.0 = Debug|Any CPU
		{DEEA7F85-150D-4E7C-BE2F-E9B214D5AA2C}.Release|Any CPU.ActiveCfg = Release|Any CPU
		{DEEA7F85-150D-4E7C-BE2F-E9B214D5AA2C}.Release|Any CPU.Build.0 = Release|Any CPU
		{39B02DA0-59A9-4111-938F-050F5BBFC064}.Debug|Any CPU.ActiveCfg = Debug|Any CPU
		{39B02DA0-59A9-4111-938F-050F5BBFC064}.Debug|Any CPU.Build.0 = Debug|Any CPU
		{39B02DA0-59A9-4111-938F-050F5BBFC064}.Release|Any CPU.ActiveCfg = Release|Any CPU
		{39B02DA0-59A9-4111-938F-050F5BBFC064}.Release|Any CPU.Build.0 = Release|Any CPU
		{283D2656-4420-4D76-8C26-7828BC797439}.Debug|Any CPU.ActiveCfg = Debug|Any CPU
		{283D2656-4420-4D76-8C26-7828BC797439}.Debug|Any CPU.Build.0 = Debug|Any CPU
		{283D2656-4420-4D76-8C26-7828BC797439}.Release|Any CPU.ActiveCfg = Release|Any CPU
		{283D2656-4420-4D76-8C26-7828BC797439}.Release|Any CPU.Build.0 = Release|Any CPU
		{D7DDF2DD-4D52-45AD-B1A1-3C70247AFA2E}.Debug|Any CPU.ActiveCfg = Debug|Any CPU
		{D7DDF2DD-4D52-45AD-B1A1-3C70247AFA2E}.Debug|Any CPU.Build.0 = Debug|Any CPU
		{D7DDF2DD-4D52-45AD-B1A1-3C70247AFA2E}.Release|Any CPU.ActiveCfg = Release|Any CPU
		{D7DDF2DD-4D52-45AD-B1A1-3C70247AFA2E}.Release|Any CPU.Build.0 = Release|Any CPU
		{7D4B0F6D-EBC7-41CA-822B-6B82067EFBF4}.Debug|Any CPU.ActiveCfg = Debug|Any CPU
		{7D4B0F6D-EBC7-41CA-822B-6B82067EFBF4}.Debug|Any CPU.Build.0 = Debug|Any CPU
		{7D4B0F6D-EBC7-41CA-822B-6B82067EFBF4}.Release|Any CPU.ActiveCfg = Release|Any CPU
		{7D4B0F6D-EBC7-41CA-822B-6B82067EFBF4}.Release|Any CPU.Build.0 = Release|Any CPU
		{3BC7E3CA-FB88-4900-98D7-B6260EB64890}.Debug|Any CPU.ActiveCfg = Debug|Any CPU
		{3BC7E3CA-FB88-4900-98D7-B6260EB64890}.Debug|Any CPU.Build.0 = Debug|Any CPU
		{3BC7E3CA-FB88-4900-98D7-B6260EB64890}.Release|Any CPU.ActiveCfg = Release|Any CPU
		{3BC7E3CA-FB88-4900-98D7-B6260EB64890}.Release|Any CPU.Build.0 = Release|Any CPU
		{A90A0961-DEC2-40C3-9288-5E5A84B8CEE3}.Debug|Any CPU.ActiveCfg = Debug|Any CPU
		{A90A0961-DEC2-40C3-9288-5E5A84B8CEE3}.Debug|Any CPU.Build.0 = Debug|Any CPU
		{A90A0961-DEC2-40C3-9288-5E5A84B8CEE3}.Release|Any CPU.ActiveCfg = Release|Any CPU
		{A90A0961-DEC2-40C3-9288-5E5A84B8CEE3}.Release|Any CPU.Build.0 = Release|Any CPU
		{F969BC08-9B68-467D-98CD-79559371FB0F}.Debug|Any CPU.ActiveCfg = Debug|Any CPU
		{F969BC08-9B68-467D-98CD-79559371FB0F}.Debug|Any CPU.Build.0 = Debug|Any CPU
		{F969BC08-9B68-467D-98CD-79559371FB0F}.Release|Any CPU.ActiveCfg = Release|Any CPU
		{F969BC08-9B68-467D-98CD-79559371FB0F}.Release|Any CPU.Build.0 = Release|Any CPU
		{FE254330-FFCF-4D00-B04B-375084BFE6A8}.Debug|Any CPU.ActiveCfg = Debug|Any CPU
		{FE254330-FFCF-4D00-B04B-375084BFE6A8}.Debug|Any CPU.Build.0 = Debug|Any CPU
		{FE254330-FFCF-4D00-B04B-375084BFE6A8}.Release|Any CPU.ActiveCfg = Release|Any CPU
		{FE254330-FFCF-4D00-B04B-375084BFE6A8}.Release|Any CPU.Build.0 = Release|Any CPU
		{5779E6BB-49E3-43E3-9D38-F2FB61CFBBF5}.Debug|Any CPU.ActiveCfg = Debug|Any CPU
		{5779E6BB-49E3-43E3-9D38-F2FB61CFBBF5}.Debug|Any CPU.Build.0 = Debug|Any CPU
		{5779E6BB-49E3-43E3-9D38-F2FB61CFBBF5}.Release|Any CPU.ActiveCfg = Release|Any CPU
		{5779E6BB-49E3-43E3-9D38-F2FB61CFBBF5}.Release|Any CPU.Build.0 = Release|Any CPU
		{41B9E5FB-BBB3-4876-8843-BC418EBDD343}.Debug|Any CPU.ActiveCfg = Debug|Any CPU
		{41B9E5FB-BBB3-4876-8843-BC418EBDD343}.Debug|Any CPU.Build.0 = Debug|Any CPU
		{41B9E5FB-BBB3-4876-8843-BC418EBDD343}.Release|Any CPU.ActiveCfg = Release|Any CPU
		{41B9E5FB-BBB3-4876-8843-BC418EBDD343}.Release|Any CPU.Build.0 = Release|Any CPU
		{1383C56A-2ABD-47BE-9DD1-6F8F493B2B96}.Debug|Any CPU.ActiveCfg = Debug|Any CPU
		{1383C56A-2ABD-47BE-9DD1-6F8F493B2B96}.Debug|Any CPU.Build.0 = Debug|Any CPU
		{1383C56A-2ABD-47BE-9DD1-6F8F493B2B96}.Release|Any CPU.ActiveCfg = Release|Any CPU
		{1383C56A-2ABD-47BE-9DD1-6F8F493B2B96}.Release|Any CPU.Build.0 = Release|Any CPU
		{C4C3BC3F-E3F1-4029-85FE-81FCDF469005}.Debug|Any CPU.ActiveCfg = Debug|Any CPU
		{C4C3BC3F-E3F1-4029-85FE-81FCDF469005}.Debug|Any CPU.Build.0 = Debug|Any CPU
		{C4C3BC3F-E3F1-4029-85FE-81FCDF469005}.Release|Any CPU.ActiveCfg = Release|Any CPU
		{C4C3BC3F-E3F1-4029-85FE-81FCDF469005}.Release|Any CPU.Build.0 = Release|Any CPU
		{6C02724B-D6FB-4FE9-909B-CFC8D2AD4184}.Debug|Any CPU.ActiveCfg = Debug|Any CPU
		{6C02724B-D6FB-4FE9-909B-CFC8D2AD4184}.Debug|Any CPU.Build.0 = Debug|Any CPU
		{6C02724B-D6FB-4FE9-909B-CFC8D2AD4184}.Release|Any CPU.ActiveCfg = Release|Any CPU
		{6C02724B-D6FB-4FE9-909B-CFC8D2AD4184}.Release|Any CPU.Build.0 = Release|Any CPU
		{EA687441-77BC-4E32-952F-63E747FAB378}.Debug|Any CPU.ActiveCfg = Debug|Any CPU
		{EA687441-77BC-4E32-952F-63E747FAB378}.Debug|Any CPU.Build.0 = Debug|Any CPU
		{EA687441-77BC-4E32-952F-63E747FAB378}.Release|Any CPU.ActiveCfg = Release|Any CPU
		{EA687441-77BC-4E32-952F-63E747FAB378}.Release|Any CPU.Build.0 = Release|Any CPU
		{1D58EE52-2761-416E-87A0-0F120FA7D905}.Debug|Any CPU.ActiveCfg = Debug|Any CPU
		{1D58EE52-2761-416E-87A0-0F120FA7D905}.Debug|Any CPU.Build.0 = Debug|Any CPU
		{1D58EE52-2761-416E-87A0-0F120FA7D905}.Release|Any CPU.ActiveCfg = Release|Any CPU
		{1D58EE52-2761-416E-87A0-0F120FA7D905}.Release|Any CPU.Build.0 = Release|Any CPU
		{21FC27E1-919D-42B2-9280-9ECE166C9C22}.Debug|Any CPU.ActiveCfg = Debug|Any CPU
		{21FC27E1-919D-42B2-9280-9ECE166C9C22}.Debug|Any CPU.Build.0 = Debug|Any CPU
		{21FC27E1-919D-42B2-9280-9ECE166C9C22}.Release|Any CPU.ActiveCfg = Release|Any CPU
		{21FC27E1-919D-42B2-9280-9ECE166C9C22}.Release|Any CPU.Build.0 = Release|Any CPU
	EndGlobalSection
	GlobalSection(SolutionProperties) = preSolution
		HideSolutionNode = FALSE
	EndGlobalSection
	GlobalSection(NestedProjects) = preSolution
		{969609F0-A096-43DB-B6F6-7CBF89502A45} = {0E10BDF1-CBFB-4857-8F94-CA5A607F12C8}
		{2E2F1375-F5B5-42D9-AAFB-F5DA85944DE4} = {C47065B3-52C6-4D99-9545-E3D34B294A0C}
		{D32868D2-8D66-4927-BBB8-D4758BFF26A2} = {C47065B3-52C6-4D99-9545-E3D34B294A0C}
		{CE129FB8-95E7-46CA-9D7A-B86D6CA504BB} = {C47065B3-52C6-4D99-9545-E3D34B294A0C}
		{D718152B-5AC6-447E-B8CE-BBD6719416E8} = {C47065B3-52C6-4D99-9545-E3D34B294A0C}
		{BE9218DA-1893-419F-BEFF-E4C45BD9DC8D} = {DE256974-111C-481E-96B3-69D094511DFF}
		{E1714B2E-F380-4E17-B6D5-89B766D98400} = {DE256974-111C-481E-96B3-69D094511DFF}
		{A94F91E4-09F1-4F69-BD28-10BB1DDEA138} = {DE256974-111C-481E-96B3-69D094511DFF}
		{0BE2D641-79CE-4B1C-9B63-51FAB118F4DD} = {DE256974-111C-481E-96B3-69D094511DFF}
		{611C2D2B-B031-441D-AAF5-5E5538ABAEB7} = {7570DAC8-1119-482D-A99D-C6ED18FDB7E9}
		{6D3A3BA2-A1AD-4059-A16E-7A5C76A5594B} = {7570DAC8-1119-482D-A99D-C6ED18FDB7E9}
		{02C14341-1434-4C0D-9141-EF220B162CAB} = {7570DAC8-1119-482D-A99D-C6ED18FDB7E9}
		{AF36B51E-7A68-4334-A24C-1F9A7F3C726C} = {7952F111-D8D4-45DF-9741-FB4166573E2D}
		{0D5E279C-1133-4E04-9452-9C8849A89EE9} = {7952F111-D8D4-45DF-9741-FB4166573E2D}
		{4803EE12-7DA7-466E-B6BC-8BC097A19380} = {7952F111-D8D4-45DF-9741-FB4166573E2D}
		{D25E966F-73EB-4F8B-92BA-01D4533E9D4E} = {06AA91F9-BFB1-4261-B45F-4847CAB143E4}
		{DEEA7F85-150D-4E7C-BE2F-E9B214D5AA2C} = {06AA91F9-BFB1-4261-B45F-4847CAB143E4}
		{39B02DA0-59A9-4111-938F-050F5BBFC064} = {06AA91F9-BFB1-4261-B45F-4847CAB143E4}
		{283D2656-4420-4D76-8C26-7828BC797439} = {06AA91F9-BFB1-4261-B45F-4847CAB143E4}
		{D7DDF2DD-4D52-45AD-B1A1-3C70247AFA2E} = {F712B1FB-B98E-4666-B6F6-9445E63B3927}
		{7D4B0F6D-EBC7-41CA-822B-6B82067EFBF4} = {F712B1FB-B98E-4666-B6F6-9445E63B3927}
		{3BC7E3CA-FB88-4900-98D7-B6260EB64890} = {C4A7E507-2865-4C10-822F-B1D105C3A0C7}
		{A90A0961-DEC2-40C3-9288-5E5A84B8CEE3} = {C4A7E507-2865-4C10-822F-B1D105C3A0C7}
		{F969BC08-9B68-467D-98CD-79559371FB0F} = {C4A7E507-2865-4C10-822F-B1D105C3A0C7}
		{FE254330-FFCF-4D00-B04B-375084BFE6A8} = {20419EE5-29FB-4778-A792-390BF58611DA}
		{5779E6BB-49E3-43E3-9D38-F2FB61CFBBF5} = {20419EE5-29FB-4778-A792-390BF58611DA}
		{41B9E5FB-BBB3-4876-8843-BC418EBDD343} = {20419EE5-29FB-4778-A792-390BF58611DA}
		{1383C56A-2ABD-47BE-9DD1-6F8F493B2B96} = {C47065B3-52C6-4D99-9545-E3D34B294A0C}
		{C4C3BC3F-E3F1-4029-85FE-81FCDF469005} = {6D9CF902-380D-4C7D-9D61-AB0128A761D1}
		{6C02724B-D6FB-4FE9-909B-CFC8D2AD4184} = {6D9CF902-380D-4C7D-9D61-AB0128A761D1}
		{EA687441-77BC-4E32-952F-63E747FAB378} = {6D9CF902-380D-4C7D-9D61-AB0128A761D1}
		{1D58EE52-2761-416E-87A0-0F120FA7D905} = {6D9CF902-380D-4C7D-9D61-AB0128A761D1}
		{21FC27E1-919D-42B2-9280-9ECE166C9C22} = {6D9CF902-380D-4C7D-9D61-AB0128A761D1}
	EndGlobalSection
	GlobalSection(ExtensibilityGlobals) = postSolution
		SolutionGuid = {517A0682-1E5B-41D6-8104-AAB4D31BBFCE}
	EndGlobalSection
EndGlobal
